
Microsoft Visual Studio Solution File, Format Version 12.00
# Visual Studio 15
VisualStudioVersion = 15.0.27428.2002
MinimumVisualStudioVersion = 10.0.40219.1
Project("{8BC9CEB8-8B4A-11D0-8D11-00A0C91BC942}") = "ServerTest", "ServerTest\ServerTest.vcxproj", "{51C84867-535E-46DC-8D3B-27859A471354}"
EndProject
Global
	GlobalSection(SolutionConfigurationPlatforms) = preSolution
		Debug|x64 = Debug|x64
		Debug|x86 = Debug|x86
		Release|x64 = Release|x64
		Release|x86 = Release|x86
	EndGlobalSection
	GlobalSection(ProjectConfigurationPlatforms) = postSolution
		{51C84867-535E-46DC-8D3B-27859A471354}.Debug|x64.ActiveCfg = Debug|x64
		{51C84867-535E-46DC-8D3B-27859A471354}.Debug|x64.Build.0 = Debug|x64
		{51C84867-535E-46DC-8D3B-27859A471354}.Debug|x86.ActiveCfg = Debug|Win32
		{51C84867-535E-46DC-8D3B-27859A471354}.Debug|x86.Build.0 = Debug|Win32
		{51C84867-535E-46DC-8D3B-27859A471354}.Release|x64.ActiveCfg = Release|x64
		{51C84867-535E-46DC-8D3B-27859A471354}.Release|x64.Build.0 = Release|x64
		{51C84867-535E-46DC-8D3B-27859A471354}.Release|x86.ActiveCfg = Release|Win32
		{51C84867-535E-46DC-8D3B-27859A471354}.Release|x86.Build.0 = Release|Win32
	EndGlobalSection
	GlobalSection(SolutionProperties) = preSolution
		HideSolutionNode = FALSE
	EndGlobalSection
	GlobalSection(ExtensibilityGlobals) = postSolution
		SolutionGuid = {222B81DF-9B3F-4BC7-9890-1F7371F55607}
	EndGlobalSection
EndGlobal
